
Microsoft Visual Studio Solution File, Format Version 12.00
# Visual Studio Version 17
VisualStudioVersion = 17.4.33103.184
MinimumVisualStudioVersion = 10.0.40219.1
Project("{9A19103F-16F7-4668-BE54-9A1E7A4F7556}") = "Day01", "Day01\Day01.csproj", "{275E7D30-879D-4A49-B4E4-475F1155A9FF}"
EndProject
Project("{9A19103F-16F7-4668-BE54-9A1E7A4F7556}") = "Day02", "Day02\Day02.csproj", "{86617752-A03A-4379-BF17-993FEDA51B8A}"
EndProject
Project("{9A19103F-16F7-4668-BE54-9A1E7A4F7556}") = "Day03", "Day03\Day03.csproj", "{087F1DD9-44CA-47CC-93D0-DF09E27A8A93}"
EndProject
Project("{9A19103F-16F7-4668-BE54-9A1E7A4F7556}") = "Day04", "Day04\Day04.csproj", "{E276EC49-07F2-483B-AB9A-3431CEA7E3AC}"
EndProject
Project("{9A19103F-16F7-4668-BE54-9A1E7A4F7556}") = "Day05", "Day05\Day05.csproj", "{7FB75BC0-E204-494C-8C30-BDCC56F12A01}"
EndProject
Project("{9A19103F-16F7-4668-BE54-9A1E7A4F7556}") = "Day06", "Day06\Day06.csproj", "{6F851284-8A68-4802-BF61-20163C08578D}"
EndProject
Project("{9A19103F-16F7-4668-BE54-9A1E7A4F7556}") = "Day07", "Day07\Day07.csproj", "{4E9C9454-9235-4287-8F74-1989C5CB74B0}"
EndProject
Project("{9A19103F-16F7-4668-BE54-9A1E7A4F7556}") = "Day08", "Day08\Day08.csproj", "{0504A252-B5D2-4529-8613-32147AFF1DB8}"
EndProject
Project("{9A19103F-16F7-4668-BE54-9A1E7A4F7556}") = "Day09", "Day09\Day09.csproj", "{B8DF7AA8-A441-4D93-B90F-B3B5F9F91BFC}"
EndProject
Project("{9A19103F-16F7-4668-BE54-9A1E7A4F7556}") = "Day10", "Day10\Day10.csproj", "{F9813A58-9DE6-40F1-9495-CDC0B4075D61}"
EndProject
Project("{FAE04EC0-301F-11D3-BF4B-00C04F79EFBC}") = "Day11", "Day11\Day11.csproj", "{8E1CDF5E-752D-41C4-A501-F8AA148284A9}"
EndProject
Project("{FAE04EC0-301F-11D3-BF4B-00C04F79EFBC}") = "Day12", "Day12\Day12.csproj", "{42D674DF-309E-4185-B94E-F8E243D1BAE1}"
EndProject
Project("{FAE04EC0-301F-11D3-BF4B-00C04F79EFBC}") = "Day13", "Day13\Day13.csproj", "{50B9007D-5BF1-4DC5-A644-B1BCB4D787BE}"
EndProject
Project("{FAE04EC0-301F-11D3-BF4B-00C04F79EFBC}") = "Day14", "Day14\Day14.csproj", "{B24B8962-93FF-44E9-886E-9C382E651FB0}"
EndProject
Project("{FAE04EC0-301F-11D3-BF4B-00C04F79EFBC}") = "Day15", "Day15\Day15.csproj", "{D91D6136-53CC-4797-A96C-87B9F38E70AB}"
EndProject
Project("{FAE04EC0-301F-11D3-BF4B-00C04F79EFBC}") = "Day16", "Day16\Day16.csproj", "{6F3C6525-4836-4F69-BAB9-7ADB811AD425}"
EndProject
Project("{FAE04EC0-301F-11D3-BF4B-00C04F79EFBC}") = "Day17", "Day17\Day17.csproj", "{9743C42E-52A1-4C21-AE19-659C92654978}"
EndProject
Project("{FAE04EC0-301F-11D3-BF4B-00C04F79EFBC}") = "Day18", "Day18\Day18.csproj", "{FF820A2F-138B-4E8C-B06A-54B4A01B763E}"
EndProject
Project("{FAE04EC0-301F-11D3-BF4B-00C04F79EFBC}") = "Day19", "Day19\Day19.csproj", "{8B259B2D-36B1-4078-9FF9-E1B0D889F741}"
EndProject
Project("{FAE04EC0-301F-11D3-BF4B-00C04F79EFBC}") = "Day20", "Day20\Day20.csproj", "{82C2872B-12D0-4AEE-99F2-608C44F056EE}"
EndProject
Project("{FAE04EC0-301F-11D3-BF4B-00C04F79EFBC}") = "Day21", "Day21\Day21.csproj", "{F44CE265-4EE2-4CF3-BE62-9680AB93353B}"
EndProject
Project("{FAE04EC0-301F-11D3-BF4B-00C04F79EFBC}") = "Day22", "Day22\Day22.csproj", "{34379351-8515-4D01-93DA-61CF4BD7D47E}"
EndProject
Project("{FAE04EC0-301F-11D3-BF4B-00C04F79EFBC}") = "Day23", "Day23\Day23.csproj", "{C6D1C685-FE38-4E79-A94C-90A8A6FD4393}"
EndProject
Project("{FAE04EC0-301F-11D3-BF4B-00C04F79EFBC}") = "Day24", "Day24\Day24.csproj", "{4A50FD62-5BFE-4E68-811D-DC41DC61E173}"
EndProject
Project("{FAE04EC0-301F-11D3-BF4B-00C04F79EFBC}") = "Day25", "Day25\Day25.csproj", "{D88959E9-3F8E-4CC5-ACCC-EC12866C4E4A}"
EndProject
Global
	GlobalSection(SolutionConfigurationPlatforms) = preSolution
		Debug|Any CPU = Debug|Any CPU
		Release|Any CPU = Release|Any CPU
	EndGlobalSection
	GlobalSection(ProjectConfigurationPlatforms) = postSolution
		{275E7D30-879D-4A49-B4E4-475F1155A9FF}.Debug|Any CPU.ActiveCfg = Debug|Any CPU
		{275E7D30-879D-4A49-B4E4-475F1155A9FF}.Debug|Any CPU.Build.0 = Debug|Any CPU
		{275E7D30-879D-4A49-B4E4-475F1155A9FF}.Release|Any CPU.ActiveCfg = Release|Any CPU
		{275E7D30-879D-4A49-B4E4-475F1155A9FF}.Release|Any CPU.Build.0 = Release|Any CPU
		{86617752-A03A-4379-BF17-993FEDA51B8A}.Debug|Any CPU.ActiveCfg = Debug|Any CPU
		{86617752-A03A-4379-BF17-993FEDA51B8A}.Debug|Any CPU.Build.0 = Debug|Any CPU
		{86617752-A03A-4379-BF17-993FEDA51B8A}.Release|Any CPU.ActiveCfg = Release|Any CPU
		{86617752-A03A-4379-BF17-993FEDA51B8A}.Release|Any CPU.Build.0 = Release|Any CPU
		{087F1DD9-44CA-47CC-93D0-DF09E27A8A93}.Debug|Any CPU.ActiveCfg = Debug|Any CPU
		{087F1DD9-44CA-47CC-93D0-DF09E27A8A93}.Debug|Any CPU.Build.0 = Debug|Any CPU
		{087F1DD9-44CA-47CC-93D0-DF09E27A8A93}.Release|Any CPU.ActiveCfg = Release|Any CPU
		{087F1DD9-44CA-47CC-93D0-DF09E27A8A93}.Release|Any CPU.Build.0 = Release|Any CPU
		{E276EC49-07F2-483B-AB9A-3431CEA7E3AC}.Debug|Any CPU.ActiveCfg = Debug|Any CPU
		{E276EC49-07F2-483B-AB9A-3431CEA7E3AC}.Debug|Any CPU.Build.0 = Debug|Any CPU
		{E276EC49-07F2-483B-AB9A-3431CEA7E3AC}.Release|Any CPU.ActiveCfg = Release|Any CPU
		{E276EC49-07F2-483B-AB9A-3431CEA7E3AC}.Release|Any CPU.Build.0 = Release|Any CPU
		{7FB75BC0-E204-494C-8C30-BDCC56F12A01}.Debug|Any CPU.ActiveCfg = Debug|Any CPU
		{7FB75BC0-E204-494C-8C30-BDCC56F12A01}.Debug|Any CPU.Build.0 = Debug|Any CPU
		{7FB75BC0-E204-494C-8C30-BDCC56F12A01}.Release|Any CPU.ActiveCfg = Release|Any CPU
		{7FB75BC0-E204-494C-8C30-BDCC56F12A01}.Release|Any CPU.Build.0 = Release|Any CPU
		{6F851284-8A68-4802-BF61-20163C08578D}.Debug|Any CPU.ActiveCfg = Debug|Any CPU
		{6F851284-8A68-4802-BF61-20163C08578D}.Debug|Any CPU.Build.0 = Debug|Any CPU
		{6F851284-8A68-4802-BF61-20163C08578D}.Release|Any CPU.ActiveCfg = Release|Any CPU
		{6F851284-8A68-4802-BF61-20163C08578D}.Release|Any CPU.Build.0 = Release|Any CPU
		{4E9C9454-9235-4287-8F74-1989C5CB74B0}.Debug|Any CPU.ActiveCfg = Debug|Any CPU
		{4E9C9454-9235-4287-8F74-1989C5CB74B0}.Debug|Any CPU.Build.0 = Debug|Any CPU
		{4E9C9454-9235-4287-8F74-1989C5CB74B0}.Release|Any CPU.ActiveCfg = Release|Any CPU
		{4E9C9454-9235-4287-8F74-1989C5CB74B0}.Release|Any CPU.Build.0 = Release|Any CPU
		{0504A252-B5D2-4529-8613-32147AFF1DB8}.Debug|Any CPU.ActiveCfg = Debug|Any CPU
		{0504A252-B5D2-4529-8613-32147AFF1DB8}.Debug|Any CPU.Build.0 = Debug|Any CPU
		{0504A252-B5D2-4529-8613-32147AFF1DB8}.Release|Any CPU.ActiveCfg = Release|Any CPU
		{0504A252-B5D2-4529-8613-32147AFF1DB8}.Release|Any CPU.Build.0 = Release|Any CPU
		{B8DF7AA8-A441-4D93-B90F-B3B5F9F91BFC}.Debug|Any CPU.ActiveCfg = Debug|Any CPU
		{B8DF7AA8-A441-4D93-B90F-B3B5F9F91BFC}.Debug|Any CPU.Build.0 = Debug|Any CPU
		{B8DF7AA8-A441-4D93-B90F-B3B5F9F91BFC}.Release|Any CPU.ActiveCfg = Release|Any CPU
		{B8DF7AA8-A441-4D93-B90F-B3B5F9F91BFC}.Release|Any CPU.Build.0 = Release|Any CPU
		{F9813A58-9DE6-40F1-9495-CDC0B4075D61}.Debug|Any CPU.ActiveCfg = Debug|Any CPU
		{F9813A58-9DE6-40F1-9495-CDC0B4075D61}.Debug|Any CPU.Build.0 = Debug|Any CPU
		{F9813A58-9DE6-40F1-9495-CDC0B4075D61}.Release|Any CPU.ActiveCfg = Release|Any CPU
		{F9813A58-9DE6-40F1-9495-CDC0B4075D61}.Release|Any CPU.Build.0 = Release|Any CPU
		{8E1CDF5E-752D-41C4-A501-F8AA148284A9}.Debug|Any CPU.ActiveCfg = Debug|Any CPU
		{8E1CDF5E-752D-41C4-A501-F8AA148284A9}.Debug|Any CPU.Build.0 = Debug|Any CPU
		{8E1CDF5E-752D-41C4-A501-F8AA148284A9}.Release|Any CPU.ActiveCfg = Release|Any CPU
		{8E1CDF5E-752D-41C4-A501-F8AA148284A9}.Release|Any CPU.Build.0 = Release|Any CPU
		{42D674DF-309E-4185-B94E-F8E243D1BAE1}.Debug|Any CPU.ActiveCfg = Debug|Any CPU
		{42D674DF-309E-4185-B94E-F8E243D1BAE1}.Debug|Any CPU.Build.0 = Debug|Any CPU
		{42D674DF-309E-4185-B94E-F8E243D1BAE1}.Release|Any CPU.ActiveCfg = Release|Any CPU
		{42D674DF-309E-4185-B94E-F8E243D1BAE1}.Release|Any CPU.Build.0 = Release|Any CPU
		{50B9007D-5BF1-4DC5-A644-B1BCB4D787BE}.Debug|Any CPU.ActiveCfg = Debug|Any CPU
		{50B9007D-5BF1-4DC5-A644-B1BCB4D787BE}.Debug|Any CPU.Build.0 = Debug|Any CPU
		{50B9007D-5BF1-4DC5-A644-B1BCB4D787BE}.Release|Any CPU.ActiveCfg = Release|Any CPU
		{50B9007D-5BF1-4DC5-A644-B1BCB4D787BE}.Release|Any CPU.Build.0 = Release|Any CPU
		{B24B8962-93FF-44E9-886E-9C382E651FB0}.Debug|Any CPU.ActiveCfg = Debug|Any CPU
		{B24B8962-93FF-44E9-886E-9C382E651FB0}.Debug|Any CPU.Build.0 = Debug|Any CPU
		{B24B8962-93FF-44E9-886E-9C382E651FB0}.Release|Any CPU.ActiveCfg = Release|Any CPU
		{B24B8962-93FF-44E9-886E-9C382E651FB0}.Release|Any CPU.Build.0 = Release|Any CPU
		{D91D6136-53CC-4797-A96C-87B9F38E70AB}.Debug|Any CPU.ActiveCfg = Debug|Any CPU
		{D91D6136-53CC-4797-A96C-87B9F38E70AB}.Debug|Any CPU.Build.0 = Debug|Any CPU
		{D91D6136-53CC-4797-A96C-87B9F38E70AB}.Release|Any CPU.ActiveCfg = Release|Any CPU
		{D91D6136-53CC-4797-A96C-87B9F38E70AB}.Release|Any CPU.Build.0 = Release|Any CPU
		{6F3C6525-4836-4F69-BAB9-7ADB811AD425}.Debug|Any CPU.ActiveCfg = Debug|Any CPU
		{6F3C6525-4836-4F69-BAB9-7ADB811AD425}.Debug|Any CPU.Build.0 = Debug|Any CPU
		{6F3C6525-4836-4F69-BAB9-7ADB811AD425}.Release|Any CPU.ActiveCfg = Release|Any CPU
		{6F3C6525-4836-4F69-BAB9-7ADB811AD425}.Release|Any CPU.Build.0 = Release|Any CPU
		{9743C42E-52A1-4C21-AE19-659C92654978}.Debug|Any CPU.ActiveCfg = Debug|Any CPU
		{9743C42E-52A1-4C21-AE19-659C92654978}.Debug|Any CPU.Build.0 = Debug|Any CPU
		{9743C42E-52A1-4C21-AE19-659C92654978}.Release|Any CPU.ActiveCfg = Release|Any CPU
		{9743C42E-52A1-4C21-AE19-659C92654978}.Release|Any CPU.Build.0 = Release|Any CPU
		{FF820A2F-138B-4E8C-B06A-54B4A01B763E}.Debug|Any CPU.ActiveCfg = Debug|Any CPU
		{FF820A2F-138B-4E8C-B06A-54B4A01B763E}.Debug|Any CPU.Build.0 = Debug|Any CPU
		{FF820A2F-138B-4E8C-B06A-54B4A01B763E}.Release|Any CPU.ActiveCfg = Release|Any CPU
		{FF820A2F-138B-4E8C-B06A-54B4A01B763E}.Release|Any CPU.Build.0 = Release|Any CPU
		{8B259B2D-36B1-4078-9FF9-E1B0D889F741}.Debug|Any CPU.ActiveCfg = Debug|Any CPU
		{8B259B2D-36B1-4078-9FF9-E1B0D889F741}.Debug|Any CPU.Build.0 = Debug|Any CPU
		{8B259B2D-36B1-4078-9FF9-E1B0D889F741}.Release|Any CPU.ActiveCfg = Release|Any CPU
		{8B259B2D-36B1-4078-9FF9-E1B0D889F741}.Release|Any CPU.Build.0 = Release|Any CPU
		{82C2872B-12D0-4AEE-99F2-608C44F056EE}.Debug|Any CPU.ActiveCfg = Debug|Any CPU
		{82C2872B-12D0-4AEE-99F2-608C44F056EE}.Debug|Any CPU.Build.0 = Debug|Any CPU
		{82C2872B-12D0-4AEE-99F2-608C44F056EE}.Release|Any CPU.ActiveCfg = Release|Any CPU
		{82C2872B-12D0-4AEE-99F2-608C44F056EE}.Release|Any CPU.Build.0 = Release|Any CPU
		{F44CE265-4EE2-4CF3-BE62-9680AB93353B}.Debug|Any CPU.ActiveCfg = Debug|Any CPU
		{F44CE265-4EE2-4CF3-BE62-9680AB93353B}.Debug|Any CPU.Build.0 = Debug|Any CPU
		{F44CE265-4EE2-4CF3-BE62-9680AB93353B}.Release|Any CPU.ActiveCfg = Release|Any CPU
		{F44CE265-4EE2-4CF3-BE62-9680AB93353B}.Release|Any CPU.Build.0 = Release|Any CPU
		{34379351-8515-4D01-93DA-61CF4BD7D47E}.Debug|Any CPU.ActiveCfg = Debug|Any CPU
		{34379351-8515-4D01-93DA-61CF4BD7D47E}.Debug|Any CPU.Build.0 = Debug|Any CPU
		{34379351-8515-4D01-93DA-61CF4BD7D47E}.Release|Any CPU.ActiveCfg = Release|Any CPU
		{34379351-8515-4D01-93DA-61CF4BD7D47E}.Release|Any CPU.Build.0 = Release|Any CPU
		{C6D1C685-FE38-4E79-A94C-90A8A6FD4393}.Debug|Any CPU.ActiveCfg = Debug|Any CPU
		{C6D1C685-FE38-4E79-A94C-90A8A6FD4393}.Debug|Any CPU.Build.0 = Debug|Any CPU
		{C6D1C685-FE38-4E79-A94C-90A8A6FD4393}.Release|Any CPU.ActiveCfg = Release|Any CPU
		{C6D1C685-FE38-4E79-A94C-90A8A6FD4393}.Release|Any CPU.Build.0 = Release|Any CPU
		{4A50FD62-5BFE-4E68-811D-DC41DC61E173}.Debug|Any CPU.ActiveCfg = Debug|Any CPU
		{4A50FD62-5BFE-4E68-811D-DC41DC61E173}.Debug|Any CPU.Build.0 = Debug|Any CPU
		{4A50FD62-5BFE-4E68-811D-DC41DC61E173}.Release|Any CPU.ActiveCfg = Release|Any CPU
		{4A50FD62-5BFE-4E68-811D-DC41DC61E173}.Release|Any CPU.Build.0 = Release|Any CPU
		{D88959E9-3F8E-4CC5-ACCC-EC12866C4E4A}.Debug|Any CPU.ActiveCfg = Debug|Any CPU
		{D88959E9-3F8E-4CC5-ACCC-EC12866C4E4A}.Debug|Any CPU.Build.0 = Debug|Any CPU
		{D88959E9-3F8E-4CC5-ACCC-EC12866C4E4A}.Release|Any CPU.ActiveCfg = Release|Any CPU
		{D88959E9-3F8E-4CC5-ACCC-EC12866C4E4A}.Release|Any CPU.Build.0 = Release|Any CPU
	EndGlobalSection
	GlobalSection(SolutionProperties) = preSolution
		HideSolutionNode = FALSE
	EndGlobalSection
	GlobalSection(ExtensibilityGlobals) = postSolution
		SolutionGuid = {FF902291-4500-48CF-A293-2A92C9719A6A}
	EndGlobalSection
EndGlobal
