
Microsoft Visual Studio Solution File, Format Version 12.00
# Visual Studio Version 17
VisualStudioVersion = 17.4.33103.184
MinimumVisualStudioVersion = 10.0.40219.1
Project("{9A19103F-16F7-4668-BE54-9A1E7A4F7556}") = "Day01", "Day01\Day01.csproj", "{275E7D30-879D-4A49-B4E4-475F1155A9FF}"
EndProject
Project("{9A19103F-16F7-4668-BE54-9A1E7A4F7556}") = "Day02", "Day02\Day02.csproj", "{86617752-A03A-4379-BF17-993FEDA51B8A}"
EndProject
Project("{9A19103F-16F7-4668-BE54-9A1E7A4F7556}") = "Day03", "Day03\Day03.csproj", "{087F1DD9-44CA-47CC-93D0-DF09E27A8A93}"
EndProject
Project("{FAE04EC0-301F-11D3-BF4B-00C04F79EFBC}") = "Day04", "Day04\Day04.csproj", "{E276EC49-07F2-483B-AB9A-3431CEA7E3AC}"
EndProject
Project("{FAE04EC0-301F-11D3-BF4B-00C04F79EFBC}") = "Day05", "Day05\Day05.csproj", "{7FB75BC0-E204-494C-8C30-BDCC56F12A01}"
EndProject
Project("{FAE04EC0-301F-11D3-BF4B-00C04F79EFBC}") = "Day06", "Day06\Day06.csproj", "{6F851284-8A68-4802-BF61-20163C08578D}"
EndProject
Project("{FAE04EC0-301F-11D3-BF4B-00C04F79EFBC}") = "Day07", "Day07\Day07.csproj", "{4E9C9454-9235-4287-8F74-1989C5CB74B0}"
EndProject
Project("{FAE04EC0-301F-11D3-BF4B-00C04F79EFBC}") = "Day08", "Day08\Day08.csproj", "{0504A252-B5D2-4529-8613-32147AFF1DB8}"
EndProject
Project("{FAE04EC0-301F-11D3-BF4B-00C04F79EFBC}") = "Day09", "Day09\Day09.csproj", "{B8DF7AA8-A441-4D93-B90F-B3B5F9F91BFC}"
EndProject
Project("{FAE04EC0-301F-11D3-BF4B-00C04F79EFBC}") = "Day10", "Day10\Day10.csproj", "{F9813A58-9DE6-40F1-9495-CDC0B4075D61}"
EndProject
Global
	GlobalSection(SolutionConfigurationPlatforms) = preSolution
		Debug|Any CPU = Debug|Any CPU
		Release|Any CPU = Release|Any CPU
	EndGlobalSection
	GlobalSection(ProjectConfigurationPlatforms) = postSolution
		{275E7D30-879D-4A49-B4E4-475F1155A9FF}.Debug|Any CPU.ActiveCfg = Debug|Any CPU
		{275E7D30-879D-4A49-B4E4-475F1155A9FF}.Debug|Any CPU.Build.0 = Debug|Any CPU
		{275E7D30-879D-4A49-B4E4-475F1155A9FF}.Release|Any CPU.ActiveCfg = Release|Any CPU
		{275E7D30-879D-4A49-B4E4-475F1155A9FF}.Release|Any CPU.Build.0 = Release|Any CPU
		{86617752-A03A-4379-BF17-993FEDA51B8A}.Debug|Any CPU.ActiveCfg = Debug|Any CPU
		{86617752-A03A-4379-BF17-993FEDA51B8A}.Debug|Any CPU.Build.0 = Debug|Any CPU
		{86617752-A03A-4379-BF17-993FEDA51B8A}.Release|Any CPU.ActiveCfg = Release|Any CPU
		{86617752-A03A-4379-BF17-993FEDA51B8A}.Release|Any CPU.Build.0 = Release|Any CPU
		{087F1DD9-44CA-47CC-93D0-DF09E27A8A93}.Debug|Any CPU.ActiveCfg = Debug|Any CPU
		{087F1DD9-44CA-47CC-93D0-DF09E27A8A93}.Debug|Any CPU.Build.0 = Debug|Any CPU
		{087F1DD9-44CA-47CC-93D0-DF09E27A8A93}.Release|Any CPU.ActiveCfg = Release|Any CPU
		{087F1DD9-44CA-47CC-93D0-DF09E27A8A93}.Release|Any CPU.Build.0 = Release|Any CPU
		{E276EC49-07F2-483B-AB9A-3431CEA7E3AC}.Debug|Any CPU.ActiveCfg = Debug|Any CPU
		{E276EC49-07F2-483B-AB9A-3431CEA7E3AC}.Debug|Any CPU.Build.0 = Debug|Any CPU
		{E276EC49-07F2-483B-AB9A-3431CEA7E3AC}.Release|Any CPU.ActiveCfg = Release|Any CPU
		{E276EC49-07F2-483B-AB9A-3431CEA7E3AC}.Release|Any CPU.Build.0 = Release|Any CPU
		{7FB75BC0-E204-494C-8C30-BDCC56F12A01}.Debug|Any CPU.ActiveCfg = Debug|Any CPU
		{7FB75BC0-E204-494C-8C30-BDCC56F12A01}.Debug|Any CPU.Build.0 = Debug|Any CPU
		{7FB75BC0-E204-494C-8C30-BDCC56F12A01}.Release|Any CPU.ActiveCfg = Release|Any CPU
		{7FB75BC0-E204-494C-8C30-BDCC56F12A01}.Release|Any CPU.Build.0 = Release|Any CPU
		{6F851284-8A68-4802-BF61-20163C08578D}.Debug|Any CPU.ActiveCfg = Debug|Any CPU
		{6F851284-8A68-4802-BF61-20163C08578D}.Debug|Any CPU.Build.0 = Debug|Any CPU
		{6F851284-8A68-4802-BF61-20163C08578D}.Release|Any CPU.ActiveCfg = Release|Any CPU
		{6F851284-8A68-4802-BF61-20163C08578D}.Release|Any CPU.Build.0 = Release|Any CPU
		{4E9C9454-9235-4287-8F74-1989C5CB74B0}.Debug|Any CPU.ActiveCfg = Debug|Any CPU
		{4E9C9454-9235-4287-8F74-1989C5CB74B0}.Debug|Any CPU.Build.0 = Debug|Any CPU
		{4E9C9454-9235-4287-8F74-1989C5CB74B0}.Release|Any CPU.ActiveCfg = Release|Any CPU
		{4E9C9454-9235-4287-8F74-1989C5CB74B0}.Release|Any CPU.Build.0 = Release|Any CPU
		{0504A252-B5D2-4529-8613-32147AFF1DB8}.Debug|Any CPU.ActiveCfg = Debug|Any CPU
		{0504A252-B5D2-4529-8613-32147AFF1DB8}.Debug|Any CPU.Build.0 = Debug|Any CPU
		{0504A252-B5D2-4529-8613-32147AFF1DB8}.Release|Any CPU.ActiveCfg = Release|Any CPU
		{0504A252-B5D2-4529-8613-32147AFF1DB8}.Release|Any CPU.Build.0 = Release|Any CPU
		{B8DF7AA8-A441-4D93-B90F-B3B5F9F91BFC}.Debug|Any CPU.ActiveCfg = Debug|Any CPU
		{B8DF7AA8-A441-4D93-B90F-B3B5F9F91BFC}.Debug|Any CPU.Build.0 = Debug|Any CPU
		{B8DF7AA8-A441-4D93-B90F-B3B5F9F91BFC}.Release|Any CPU.ActiveCfg = Release|Any CPU
		{B8DF7AA8-A441-4D93-B90F-B3B5F9F91BFC}.Release|Any CPU.Build.0 = Release|Any CPU
		{F9813A58-9DE6-40F1-9495-CDC0B4075D61}.Debug|Any CPU.ActiveCfg = Debug|Any CPU
		{F9813A58-9DE6-40F1-9495-CDC0B4075D61}.Debug|Any CPU.Build.0 = Debug|Any CPU
		{F9813A58-9DE6-40F1-9495-CDC0B4075D61}.Release|Any CPU.ActiveCfg = Release|Any CPU
		{F9813A58-9DE6-40F1-9495-CDC0B4075D61}.Release|Any CPU.Build.0 = Release|Any CPU
	EndGlobalSection
	GlobalSection(SolutionProperties) = preSolution
		HideSolutionNode = FALSE
	EndGlobalSection
	GlobalSection(ExtensibilityGlobals) = postSolution
		SolutionGuid = {FF902291-4500-48CF-A293-2A92C9719A6A}
	EndGlobalSection
EndGlobal
